<?xml version="1.0" encoding="utf-8"?>
<Project ToolsVersion="4.0" xmlns="http://schemas.microsoft.com/developer/msbuild/2003">
  <ItemGroup>
    <Filter Include="Config" />
    <Filter Include="Core" />
    <Filter Include="Game" />
  </ItemGroup>
  <ItemGroup>
    <ClInclude Include="src\Config\Config.h">
      <Filter>Config</Filter>
    </ClInclude>
    <ClInclude Include="src\Config\Ini.h">
      <Filter>Config</Filter>
    </ClInclude>
    <ClInclude Include="src\Core\Addresses.h">
      <Filter>Core</Filter>
    </ClInclude>
    <ClInclude Include="src\Core\Bartender.h">
      <Filter>Core</Filter>
    </ClInclude>
    <ClInclude Include="src\Core\Detour.h">
      <Filter>Core</Filter>
    </ClInclude>
    <ClInclude Include="src\Core\ExeIdentity.h">
      <Filter>Core</Filter>
    </ClInclude>
    <ClInclude Include="src\Core\FrameTime.h">
      <Filter>Core</Filter>
    </ClInclude>
    <ClInclude Include="src\Core\Log.h">
      <Filter>Core</Filter>
    </ClInclude>
    <ClInclude Include="src\Core\Memory.h">
      <Filter>Core</Filter>
    </ClInclude>
    <ClInclude Include="src\Core\PatchManager.h">
      <Filter>Core</Filter>
    </ClInclude>
    <ClInclude Include="src\Core\Version.h">
      <Filter>Core</Filter>
    </ClInclude>
    <ClInclude Include="src\Game\AIActionHeliExit.h">
      <Filter>Game</Filter>
    </ClInclude>
    <ClInclude Include="src\Game\AIActionHeliPursuit.h">
      <Filter>Game</Filter>
    </ClInclude>
    <ClInclude Include="src\Game\AICopManager.h">
      <Filter>Game</Filter>
    </ClInclude>
    <ClInclude Include="src\Game\AIPerpVehicle.h">
      <Filter>Game</Filter>
    </ClInclude>
    <ClInclude Include="src\Game\AIVehicleHelicopter.h">
      <Filter>Game</Filter>
    </ClInclude>
    <ClInclude Include="src\Game\HeliSheet.h">
      <Filter>Game</Filter>
    </ClInclude>
    <ClInclude Include="src\Game\Interfaces.h">
      <Filter>Game</Filter>
    </ClInclude>
    <ClInclude Include="src\Game\SimpleChopper.h">
      <Filter>Game</Filter>
    </ClInclude>
  </ItemGroup>
  <ItemGroup>
    <ClCompile Include="dllmain.cpp" />
    <ClCompile Include="src\Config\Ini.cpp">
      <Filter>Config</Filter>
    </ClCompile>
    <ClCompile Include="src\Core\Detour.cpp">
      <Filter>Core</Filter>
    </ClCompile>
    <ClCompile Include="src\Core\ExeIdentity.cpp">
      <Filter>Core</Filter>
    </ClCompile>
    <ClCompile Include="src\Core\FrameTime.cpp">
      <Filter>Core</Filter>
    </ClCompile>
    <ClCompile Include="src\Core\Log.cpp">
      <Filter>Core</Filter>
    </ClCompile>
    <ClCompile Include="src\Core\Memory.cpp">
      <Filter>Core</Filter>
    </ClCompile>
    <ClCompile Include="src\Core\PatchManager.cpp">
      <Filter>Core</Filter>
    </ClCompile>
    <ClCompile Include="src\Game\AIActionHeliExit.cpp">
      <Filter>Game</Filter>
    </ClCompile>
    <ClCompile Include="src\Game\AIActionHeliPursuit.cpp">
      <Filter>Game</Filter>
    </ClCompile>
    <ClCompile Include="src\Game\AICopManager.cpp">
      <Filter>Game</Filter>
    </ClCompile>
    <ClCompile Include="src\Game\AIPerpVehicle.cpp">
      <Filter>Game</Filter>
    </ClCompile>
    <ClCompile Include="src\Game\AIVehicleHelicopter.cpp">
      <Filter>Game</Filter>
    </ClCompile>
    <ClCompile Include="src\Game\HeliSheet.cpp">
      <Filter>Game</Filter>
    </ClCompile>
    <ClCompile Include="src\Game\Interfaces.cpp">
      <Filter>Game</Filter>
    </ClCompile>
    <ClCompile Include="src\Game\SimpleChopper.cpp">
      <Filter>Game</Filter>
    </ClCompile>
  </ItemGroup>
</Project>
