<?xml version="1.0" encoding="utf-8"?>
<Project ToolsVersion="4.0" xmlns="http://schemas.microsoft.com/developer/msbuild/2003">
  <ItemGroup>
    <Filter Include="Helicopter" />
  </ItemGroup>
  <ItemGroup>
    <ClInclude Include="src\Helicopter\AIActionHeliExit.hpp">
      <Filter>Helicopter</Filter>
    </ClInclude>
    <ClInclude Include="src\Helicopter\AIActionHeliPursuit.hpp">
      <Filter>Helicopter</Filter>
    </ClInclude>
    <ClInclude Include="src\Helicopter\AICopManager.hpp">
      <Filter>Helicopter</Filter>
    </ClInclude>
    <ClInclude Include="src\Helicopter\AIPerpVehicle.hpp">
      <Filter>Helicopter</Filter>
    </ClInclude>
    <ClInclude Include="src\Helicopter\AIVehicleHelicopter.hpp">
      <Filter>Helicopter</Filter>
    </ClInclude>
    <ClInclude Include="src\Helicopter\HeliSheet.hpp">
      <Filter>Helicopter</Filter>
    </ClInclude>
    <ClInclude Include="src\Helicopter\Hooks.hpp">
      <Filter>Helicopter</Filter>
    </ClInclude>
    <ClInclude Include="src\Helicopter\Interfaces.hpp">
      <Filter>Helicopter</Filter>
    </ClInclude>
    <ClInclude Include="src\Helicopter\SimpleChopper.hpp">
      <Filter>Helicopter</Filter>
    </ClInclude>
    <ClInclude Include="src\Helicopter\SoundAI.hpp">
      <Filter>Helicopter</Filter>
    </ClInclude>
  </ItemGroup>
  <ItemGroup>
    <ClCompile Include="dllmain.cpp" />
    <ClCompile Include="src\Helicopter\AIActionHeliExit.cpp">
      <Filter>Helicopter</Filter>
    </ClCompile>
    <ClCompile Include="src\Helicopter\AIActionHeliPursuit.cpp">
      <Filter>Helicopter</Filter>
    </ClCompile>
    <ClCompile Include="src\Helicopter\AICopManager.cpp">
      <Filter>Helicopter</Filter>
    </ClCompile>
    <ClCompile Include="src\Helicopter\AIPerpVehicle.cpp">
      <Filter>Helicopter</Filter>
    </ClCompile>
    <ClCompile Include="src\Helicopter\AIVehicleHelicopter.cpp">
      <Filter>Helicopter</Filter>
    </ClCompile>
    <ClCompile Include="src\Helicopter\HeliSheet.cpp">
      <Filter>Helicopter</Filter>
    </ClCompile>
    <ClCompile Include="src\Helicopter\Hooks.cpp">
      <Filter>Helicopter</Filter>
    </ClCompile>
    <ClCompile Include="src\Helicopter\Interfaces.cpp">
      <Filter>Helicopter</Filter>
    </ClCompile>
    <ClCompile Include="src\Helicopter\SimpleChopper.cpp">
      <Filter>Helicopter</Filter>
    </ClCompile>
    <ClCompile Include="src\Helicopter\SoundAI.cpp">
      <Filter>Helicopter</Filter>
    </ClCompile>
  </ItemGroup>
</Project>
